# THIS IS AN AUTOGENERATED FILE. DO NOT EDIT THIS FILE DIRECTLY.
# yarn lockfile v1


"@types/react@^16.4.7":
  version "16.4.7"
  resolved "https://registry.yarnpkg.com/@types/react/-/react-16.4.7.tgz#f33f6d759a7e1833befa15224d68942d178a5a3f"
  dependencies:
    csstype "^2.2.0"

asap@~2.0.3:
  version "2.0.6"
  resolved "https://registry.yarnpkg.com/asap/-/asap-2.0.6.tgz#e50347611d7e690943208bbdafebcbc2fb866d46"

core-js@^1.0.0:
  version "1.2.7"
  resolved "https://registry.yarnpkg.com/core-js/-/core-js-1.2.7.tgz#652294c14651db28fa93bd2d5ff2983a4f08c636"

csstype@^2.2.0:
  version "2.5.6"
  resolved "https://registry.yarnpkg.com/csstype/-/csstype-2.5.6.tgz#2ae1db2319642d8b80a668d2d025c6196071e788"

d3-array@1, d3-array@^1.1.1, d3-array@^1.2.0:
  version "1.2.1"
  resolved "https://registry.yarnpkg.com/d3-array/-/d3-array-1.2.1.tgz#d1ca33de2f6ac31efadb8e050a021d7e2396d5dc"

d3-collection@1, d3-collection@^1.0.3:
  version "1.0.4"
  resolved "https://registry.yarnpkg.com/d3-collection/-/d3-collection-1.0.4.tgz#342dfd12837c90974f33f1cc0a785aea570dcdc2"

d3-color@1, d3-color@^1.0.3:
  version "1.2.0"
  resolved "https://registry.yarnpkg.com/d3-color/-/d3-color-1.2.0.tgz#d1ea19db5859c86854586276ec892cf93148459a"

d3-contour@^1.1.0:
  version "1.3.0"
  resolved "https://registry.yarnpkg.com/d3-contour/-/d3-contour-1.3.0.tgz#cfb99098c48c46edd77e15ce123162f9e333e846"
  dependencies:
    d3-array "^1.1.1"

d3-format@1, d3-format@^1.2.0:
  version "1.3.0"
  resolved "https://registry.yarnpkg.com/d3-format/-/d3-format-1.3.0.tgz#a3ac44269a2011cdb87c7b5693040c18cddfff11"

d3-geo@^1.6.4:
  version "1.10.0"
  resolved "https://registry.yarnpkg.com/d3-geo/-/d3-geo-1.10.0.tgz#2972d18014f1e38fc1f8bb6d545377bdfb00c9ab"
  dependencies:
    d3-array "1"

d3-hierarchy@^1.1.4:
  version "1.1.6"
  resolved "https://registry.yarnpkg.com/d3-hierarchy/-/d3-hierarchy-1.1.6.tgz#842c1372090f870b7ea013ebae5c0c8d9f56229c"

d3-interpolate@1, d3-interpolate@^1.1.4:
  version "1.2.0"
  resolved "https://registry.yarnpkg.com/d3-interpolate/-/d3-interpolate-1.2.0.tgz#40d81bd8e959ff021c5ea7545bc79b8d22331c41"
  dependencies:
    d3-color "1"

d3-path@1:
  version "1.0.5"
  resolved "https://registry.yarnpkg.com/d3-path/-/d3-path-1.0.5.tgz#241eb1849bd9e9e8021c0d0a799f8a0e8e441764"

d3-sankey@^0.7.1:
  version "0.7.1"
  resolved "https://registry.yarnpkg.com/d3-sankey/-/d3-sankey-0.7.1.tgz#d229832268fc69a7fec84803e96c2256a614c521"
  dependencies:
    d3-array "1"
    d3-collection "1"
    d3-shape "^1.2.0"

d3-scale@^1.0.5:
  version "1.0.7"
  resolved "https://registry.yarnpkg.com/d3-scale/-/d3-scale-1.0.7.tgz#fa90324b3ea8a776422bd0472afab0b252a0945d"
  dependencies:
    d3-array "^1.2.0"
    d3-collection "1"
    d3-color "1"
    d3-format "1"
    d3-interpolate "1"
    d3-time "1"
    d3-time-format "2"

d3-shape@^1.1.0, d3-shape@^1.2.0:
  version "1.2.0"
  resolved "https://registry.yarnpkg.com/d3-shape/-/d3-shape-1.2.0.tgz#45d01538f064bafd05ea3d6d2cb748fd8c41f777"
  dependencies:
    d3-path "1"

d3-time-format@2:
  version "2.1.1"
  resolved "https://registry.yarnpkg.com/d3-time-format/-/d3-time-format-2.1.1.tgz#85b7cdfbc9ffca187f14d3c456ffda268081bb31"
  dependencies:
    d3-time "1"

d3-time@1:
  version "1.0.8"
  resolved "https://registry.yarnpkg.com/d3-time/-/d3-time-1.0.8.tgz#dbd2d6007bf416fe67a76d17947b784bffea1e84"

d3-voronoi@^1.1.2:
  version "1.1.2"
  resolved "https://registry.yarnpkg.com/d3-voronoi/-/d3-voronoi-1.1.2.tgz#1687667e8f13a2d158c80c1480c5a29cb0d8973c"

deep-equal@^1.0.1:
  version "1.0.1"
  resolved "https://registry.yarnpkg.com/deep-equal/-/deep-equal-1.0.1.tgz#f5d260292b660e084eff4cdbc9f08ad3247448b5"

dom-walk@^0.1.0:
  version "0.1.1"
  resolved "https://registry.yarnpkg.com/dom-walk/-/dom-walk-0.1.1.tgz#672226dc74c8f799ad35307df936aba11acd6018"

encoding@^0.1.11:
  version "0.1.12"
  resolved "https://registry.yarnpkg.com/encoding/-/encoding-0.1.12.tgz#538b66f3ee62cd1ab51ec323829d1f9480c74beb"
  dependencies:
    iconv-lite "~0.4.13"

fbjs@^0.8.16:
  version "0.8.17"
  resolved "https://registry.yarnpkg.com/fbjs/-/fbjs-0.8.17.tgz#c4d598ead6949112653d6588b01a5cdcd9f90fdd"
  dependencies:
    core-js "^1.0.0"
    isomorphic-fetch "^2.1.1"
    loose-envify "^1.0.0"
    object-assign "^4.1.0"
    promise "^7.1.1"
    setimmediate "^1.0.5"
    ua-parser-js "^0.7.18"

global@^4.3.1:
  version "4.3.2"
  resolved "https://registry.yarnpkg.com/global/-/global-4.3.2.tgz#e76989268a6c74c38908b1305b10fc0e394e9d0f"
  dependencies:
    min-document "^2.19.0"
    process "~0.5.1"

hoek@4.2.1:
  version "4.2.1"
  resolved "https://registry.yarnpkg.com/hoek/-/hoek-4.2.1.tgz#9634502aa12c445dd5a7c5734b572bb8738aacbb"

iconv-lite@~0.4.13:
  version "0.4.23"
  resolved "https://registry.yarnpkg.com/iconv-lite/-/iconv-lite-0.4.23.tgz#297871f63be507adcfbfca715d0cd0eed84e9a63"
  dependencies:
    safer-buffer ">= 2.1.2 < 3"

is-stream@^1.0.1:
  version "1.1.0"
  resolved "https://registry.yarnpkg.com/is-stream/-/is-stream-1.1.0.tgz#12d4a3dd4e68e0b79ceb8dbc84173ae80d91ca44"

isomorphic-fetch@^2.1.1:
  version "2.2.1"
  resolved "https://registry.yarnpkg.com/isomorphic-fetch/-/isomorphic-fetch-2.2.1.tgz#611ae1acf14f5e81f729507472819fe9733558a9"
  dependencies:
    node-fetch "^1.0.1"
    whatwg-fetch ">=0.10.0"

"js-tokens@^3.0.0 || ^4.0.0":
  version "4.0.0"
  resolved "https://registry.yarnpkg.com/js-tokens/-/js-tokens-4.0.0.tgz#19203fb59991df98e3a287050d4647cdeaf32499"

loose-envify@^1.0.0, loose-envify@^1.1.0, loose-envify@^1.3.1:
  version "1.4.0"
  resolved "https://registry.yarnpkg.com/loose-envify/-/loose-envify-1.4.0.tgz#71ee51fa7be4caec1a63839f7e682d8132d30caf"
  dependencies:
    js-tokens "^3.0.0 || ^4.0.0"

min-document@^2.19.0:
  version "2.19.0"
  resolved "https://registry.yarnpkg.com/min-document/-/min-document-2.19.0.tgz#7bd282e3f5842ed295bb748cdd9f1ffa2c824685"
  dependencies:
    dom-walk "^0.1.0"

node-fetch@^1.0.1:
  version "1.7.3"
  resolved "https://registry.yarnpkg.com/node-fetch/-/node-fetch-1.7.3.tgz#980f6f72d85211a5347c6b2bc18c5b84c3eb47ef"
  dependencies:
    encoding "^0.1.11"
    is-stream "^1.0.1"

object-assign@^4.1.0, object-assign@^4.1.1:
  version "4.1.1"
  resolved "https://registry.yarnpkg.com/object-assign/-/object-assign-4.1.1.tgz#2109adc7965887cfc05cbbd442cac8bfbb360863"

performance-now@^0.2.0:
  version "0.2.0"
  resolved "https://registry.yarnpkg.com/performance-now/-/performance-now-0.2.0.tgz#33ef30c5c77d4ea21c5a53869d91b56d8f2555e5"

performance-now@^2.1.0:
  version "2.1.0"
  resolved "https://registry.yarnpkg.com/performance-now/-/performance-now-2.1.0.tgz#6309f4e0e5fa913ec1c69307ae364b4b377c9e7b"

process@~0.5.1:
  version "0.5.2"
  resolved "https://registry.yarnpkg.com/process/-/process-0.5.2.tgz#1638d8a8e34c2f440a91db95ab9aeb677fc185cf"

promise@^7.1.1:
  version "7.3.1"
  resolved "https://registry.yarnpkg.com/promise/-/promise-7.3.1.tgz#064b72602b18f90f29192b8b1bc418ffd1ebd3bf"
  dependencies:
    asap "~2.0.3"

prop-types-to-dts@^0.3.0:
  version "0.3.0"
  resolved "https://registry.yarnpkg.com/prop-types-to-dts/-/prop-types-to-dts-0.3.0.tgz#c3739632eef5acf42e920797e17f3048e8556758"

prop-types@^15.5.8, prop-types@^15.6.0:
  version "15.6.2"
  resolved "https://registry.yarnpkg.com/prop-types/-/prop-types-15.6.2.tgz#05d5ca77b4453e985d60fc7ff8c859094a497102"
  dependencies:
    loose-envify "^1.3.1"
    object-assign "^4.1.1"

raf@^3.1.0:
  version "3.4.0"
  resolved "https://registry.yarnpkg.com/raf/-/raf-3.4.0.tgz#a28876881b4bc2ca9117d4138163ddb80f781575"
  dependencies:
    performance-now "^2.1.0"

react-motion@^0.5.2:
  version "0.5.2"
  resolved "https://registry.yarnpkg.com/react-motion/-/react-motion-0.5.2.tgz#0dd3a69e411316567927917c6626551ba0607316"
  dependencies:
    performance-now "^0.2.0"
    prop-types "^15.5.8"
    raf "^3.1.0"

react-vis@^1.10.3:
  version "1.10.4"
  resolved "https://registry.yarnpkg.com/react-vis/-/react-vis-1.10.4.tgz#383a6dfb4ad2f5a8fbf686dc5419da3c7370bf6b"
  dependencies:
    d3-array "^1.2.0"
    d3-collection "^1.0.3"
    d3-color "^1.0.3"
    d3-contour "^1.1.0"
    d3-format "^1.2.0"
    d3-geo "^1.6.4"
    d3-hierarchy "^1.1.4"
    d3-interpolate "^1.1.4"
    d3-sankey "^0.7.1"
    d3-scale "^1.0.5"
    d3-shape "^1.1.0"
    d3-voronoi "^1.1.2"
    deep-equal "^1.0.1"
    global "^4.3.1"
    hoek "4.2.1"
    prop-types "^15.5.8"
    react-motion "^0.5.2"

react@^16.4.1:
  version "16.4.1"
  resolved "https://registry.yarnpkg.com/react/-/react-16.4.1.tgz#de51ba5764b5dbcd1f9079037b862bd26b82fe32"
  dependencies:
    fbjs "^0.8.16"
    loose-envify "^1.1.0"
    object-assign "^4.1.1"
    prop-types "^15.6.0"

"safer-buffer@>= 2.1.2 < 3":
  version "2.1.2"
  resolved "https://registry.yarnpkg.com/safer-buffer/-/safer-buffer-2.1.2.tgz#44fa161b0187b9549dd84bb91802f9bd8385cd6a"

setimmediate@^1.0.5:
  version "1.0.5"
  resolved "https://registry.yarnpkg.com/setimmediate/-/setimmediate-1.0.5.tgz#290cbb232e306942d7d7ea9b83732ab7856f8285"

ua-parser-js@^0.7.18:
  version "0.7.33"
  resolved "https://registry.yarnpkg.com/ua-parser-js/-/ua-parser-js-0.7.33.tgz#1d04acb4ccef9293df6f70f2c3d22f3030d8b532"

whatwg-fetch@>=0.10.0:
  version "2.0.4"
  resolved "https://registry.yarnpkg.com/whatwg-fetch/-/whatwg-fetch-2.0.4.tgz#dde6a5df315f9d39991aa17621853d720b85566f"
